
Microsoft Visual Studio Solution File, Format Version 12.00
# Visual Studio 2013
VisualStudioVersion = 12.0.31101.0
MinimumVisualStudioVersion = 10.0.40219.1
Project("{FAE04EC0-301F-11D3-BF4B-00C04F79EFBC}") = "DirtCorps", "DirtCorps\DirtCorps.csproj", "{D76E9433-F843-4446-AA93-FE245297593B}"
EndProject
Project("{2150E333-8FDC-42A3-9474-1A3956D46DE8}") = "PublishScripts", "PublishScripts", "{0CB10394-86BD-4ADF-A065-08E0D2565F54}"
	ProjectSection(SolutionItems) = preProject
		PublishScripts\AzureWebsitePublishModule.psm1 = PublishScripts\AzureWebsitePublishModule.psm1
		PublishScripts\Publish-WebApplicationWebsite.ps1 = PublishScripts\Publish-WebApplicationWebsite.ps1
	EndProjectSection
EndProject
Project("{2150E333-8FDC-42A3-9474-1A3956D46DE8}") = "Configurations", "Configurations", "{26D86CB6-748D-4DDA-A416-C22B43585D4B}"
	ProjectSection(SolutionItems) = preProject
		PublishScripts\Configurations\DirtCorps-WAWS-dev.json = PublishScripts\Configurations\DirtCorps-WAWS-dev.json
	EndProjectSection
EndProject
Global
	GlobalSection(SolutionConfigurationPlatforms) = preSolution
		Debug|Any CPU = Debug|Any CPU
		Release|Any CPU = Release|Any CPU
	EndGlobalSection
	GlobalSection(ProjectConfigurationPlatforms) = postSolution
		{D76E9433-F843-4446-AA93-FE245297593B}.Debug|Any CPU.ActiveCfg = Debug|Any CPU
		{D76E9433-F843-4446-AA93-FE245297593B}.Debug|Any CPU.Build.0 = Debug|Any CPU
		{D76E9433-F843-4446-AA93-FE245297593B}.Release|Any CPU.ActiveCfg = Release|Any CPU
		{D76E9433-F843-4446-AA93-FE245297593B}.Release|Any CPU.Build.0 = Release|Any CPU
	EndGlobalSection
	GlobalSection(SolutionProperties) = preSolution
		HideSolutionNode = FALSE
	EndGlobalSection
	GlobalSection(NestedProjects) = preSolution
		{26D86CB6-748D-4DDA-A416-C22B43585D4B} = {0CB10394-86BD-4ADF-A065-08E0D2565F54}
	EndGlobalSection
EndGlobal
